
Microsoft Visual Studio Solution File, Format Version 12.00
# Visual Studio 15
VisualStudioVersion = 15.0.28307.136
MinimumVisualStudioVersion = 10.0.40219.1
Project("{FAE04EC0-301F-11D3-BF4B-00C04F79EFBC}") = "DatingApp.API", "DatingApp.API\DatingApp.API.csproj", "{ADD559AD-2E8D-4246-8170-4A28E0331056}"
EndProject
Global
	GlobalSection(SolutionConfigurationPlatforms) = preSolution
		Debug|Any CPU = Debug|Any CPU
		Release|Any CPU = Release|Any CPU
	EndGlobalSection
	GlobalSection(ProjectConfigurationPlatforms) = postSolution
		{ADD559AD-2E8D-4246-8170-4A28E0331056}.Debug|Any CPU.ActiveCfg = Debug|Any CPU
		{ADD559AD-2E8D-4246-8170-4A28E0331056}.Debug|Any CPU.Build.0 = Debug|Any CPU
		{ADD559AD-2E8D-4246-8170-4A28E0331056}.Release|Any CPU.ActiveCfg = Release|Any CPU
		{ADD559AD-2E8D-4246-8170-4A28E0331056}.Release|Any CPU.Build.0 = Release|Any CPU
	EndGlobalSection
	GlobalSection(SolutionProperties) = preSolution
		HideSolutionNode = FALSE
	EndGlobalSection
	GlobalSection(ExtensibilityGlobals) = postSolution
		SolutionGuid = {DC112C7A-E47E-449F-8BF9-B4B4DBD46720}
	EndGlobalSection
EndGlobal
